{
  "name": "pasiruosimas-it-vbe",
  "version": "0.0.1",
  "lockfileVersion": 1,
  "requires": true,
  "dependencies": {
    "@vuepress/plugin-google-analytics": {
      "version": "1.7.1",
      "resolved": "https://registry.npmjs.org/@vuepress/plugin-google-analytics/-/plugin-google-analytics-1.7.1.tgz",
      "integrity": "sha512-27fQzRMsqGYpMf+ruyhsdfLv/n6z6b6LutFLE/pH66Itlh6ox9ew31x0pqYBbWIC/a4lBfXYUwFvi+DEvlb1EQ==",
      "dev": true
    }
  }
}
